Microsoft Visual Studio Solution File, Format Version 11.00
# Visual Studio 2008

Project("{5607268D-DBFE-FF9B-DB8A-035A42C0AB97}") = "Cursor101", "Assembly-CSharp.csproj", "{B0E40AF9-660B-8219-5567-9FE9A0754C3F}"
EndProject
Project("{5607268D-DBFE-FF9B-DB8A-035A42C0AB97}") = "Cursor101", "Assembly-CSharp-Editor.csproj", "{8D9C252B-CB9E-8396-B18C-F58D56855971}"
EndProject
Global
	GlobalSection(SolutionConfigurationPlatforms) = preSolution
		Debug|Any CPU = Debug|Any CPU
		Release|Any CPU = Release|Any CPU
	EndGlobalSection
	GlobalSection(ProjectConfigurationPlatforms) = postSolution
		{B0E40AF9-660B-8219-5567-9FE9A0754C3F}.Debug|Any CPU.ActiveCfg = Debug|Any CPU
		{B0E40AF9-660B-8219-5567-9FE9A0754C3F}.Debug|Any CPU.Build.0 = Debug|Any CPU
		{B0E40AF9-660B-8219-5567-9FE9A0754C3F}.Release|Any CPU.ActiveCfg = Release|Any CPU
		{B0E40AF9-660B-8219-5567-9FE9A0754C3F}.Release|Any CPU.Build.0 = Release|Any CPU
		{8D9C252B-CB9E-8396-B18C-F58D56855971}.Debug|Any CPU.ActiveCfg = Debug|Any CPU
		{8D9C252B-CB9E-8396-B18C-F58D56855971}.Debug|Any CPU.Build.0 = Debug|Any CPU
		{8D9C252B-CB9E-8396-B18C-F58D56855971}.Release|Any CPU.ActiveCfg = Release|Any CPU
		{8D9C252B-CB9E-8396-B18C-F58D56855971}.Release|Any CPU.Build.0 = Release|Any CPU
	EndGlobalSection
	GlobalSection(SolutionProperties) = preSolution
		HideSolutionNode = FALSE
	EndGlobalSection
	GlobalSection(MonoDevelopProperties) = preSolution
		StartupItem = Assembly-CSharp.csproj
	EndGlobalSection
EndGlobal
